// !$*UTF8*$!
{
	archiveVersion = 1;
	classes = {
	};
	objectVersion = 46;
	objects = {

/* Begin PBXBuildFile section */
		6104707C1B0DDC9900A3EADE /* AppDelegate.swift in Sources */ = {isa = PBXBuildFile; fileRef = 6104707B1B0DDC9900A3EADE /* AppDelegate.swift */; };
		6104707E1B0DDC9900A3EADE /* ViewController.swift in Sources */ = {isa = PBXBuildFile; fileRef = 6104707D1B0DDC9900A3EADE /* ViewController.swift */; };
		610470811B0DDC9900A3EADE /* Main.storyboard in Resources */ = {isa = PBXBuildFile; fileRef = 6104707F1B0DDC9900A3EADE /* Main.storyboard */; };
		610470831B0DDC9900A3EADE /* Images.xcassets in Resources */ = {isa = PBXBuildFile; fileRef = 610470821B0DDC9900A3EADE /* Images.xcassets */; };
		610470861B0DDC9900A3EADE /* LaunchScreen.xib in Resources */ = {isa = PBXBuildFile; fileRef = 610470841B0DDC9900A3EADE /* LaunchScreen.xib */; };
		610470921B0DDC9900A3EADE /* BWDTests.swift in Sources */ = {isa = PBXBuildFile; fileRef = 610470911B0DDC9900A3EADE /* BWDTests.swift */; };
		6104709C1B0DDCD500A3EADE /* Entitlements.plist in Resources */ = {isa = PBXBuildFile; fileRef = 6104709B1B0DDCD500A3EADE /* Entitlements.plist */; };
/* End PBXBuildFile section */

/* Begin PBXContainerItemProxy section */
		6104708C1B0DDC9900A3EADE /* PBXContainerItemProxy */ = {
			isa = PBXContainerItemProxy;
			containerPortal = 6104706E1B0DDC9900A3EADE /* Project object */;
			proxyType = 1;
			remoteGlobalIDString = 610470751B0DDC9900A3EADE;
			remoteInfo = BWD;
		};
/* End PBXContainerItemProxy section */

/* Begin PBXFileReference section */
		610470761B0DDC9900A3EADE /* BWD.app */ = {isa = PBXFileReference; explicitFileType = wrapper.application; includeInIndex = 0; path = BWD.app; sourceTree = BUILT_PRODUCTS_DIR; };
		6104707A1B0DDC9900A3EADE /* Info.plist */ = {isa = PBXFileReference; lastKnownFileType = text.plist.xml; path = Info.plist; sourceTree = "<group>"; };
		6104707B1B0DDC9900A3EADE /* AppDelegate.swift */ = {isa = PBXFileReference; lastKnownFileType = sourcecode.swift; path = AppDelegate.swift; sourceTree = "<group>"; };
		6104707D1B0DDC9900A3EADE /* ViewController.swift */ = {isa = PBXFileReference; lastKnownFileType = sourcecode.swift; path = ViewController.swift; sourceTree = "<group>"; };
		610470801B0DDC9900A3EADE /* Base */ = {isa = PBXFileReference; lastKnownFileType = file.storyboard; name = Base; path = Base.lproj/Main.storyboard; sourceTree = "<group>"; };
		610470821B0DDC9900A3EADE /* Images.xcassets */ = {isa = PBXFileReference; lastKnownFileType = folder.assetcatalog; path = Images.xcassets; sourceTree = "<group>"; };
		610470851B0DDC9900A3EADE /* Base */ = {isa = PBXFileReference; lastKnownFileType = file.xib; name = Base; path = Base.lproj/LaunchScreen.xib; sourceTree = "<group>"; };
		6104708B1B0DDC9900A3EADE /* BWDTests.xctest */ = {isa = PBXFileReference; explicitFileType = wrapper.cfbundle; includeInIndex = 0; path = BWDTests.xctest; sourceTree = BUILT_PRODUCTS_DIR; };
		610470901B0DDC9900A3EADE /* Info.plist */ = {isa = PBXFileReference; lastKnownFileType = text.plist.xml; path = Info.plist; sourceTree = "<group>"; };
		610470911B0DDC9900A3EADE /* BWDTests.swift */ = {isa = PBXFileReference; lastKnownFileType = sourcecode.swift; path = BWDTests.swift; sourceTree = "<group>"; };
		6104709B1B0DDCD500A3EADE /* Entitlements.plist */ = {isa = PBXFileReference; fileEncoding = 4; lastKnownFileType = text.plist.xml; path = Entitlements.plist; sourceTree = "<group>"; };
/* End PBXFileReference section */

/* Begin PBXFrameworksBuildPhase section */
		610470731B0DDC9900A3EADE /* Frameworks */ = {
			isa = PBXFrameworksBuildPhase;
			buildActionMask = 2147483647;
			files = (
			);
			runOnlyForDeploymentPostprocessing = 0;
		};
		610470881B0DDC9900A3EADE /* Frameworks */ = {
			isa = PBXFrameworksBuildPhase;
			buildActionMask = 2147483647;
			files = (
			);
			runOnlyForDeploymentPostprocessing = 0;
		};
/* End PBXFrameworksBuildPhase section */

/* Begin PBXGroup section */
		6104706D1B0DDC9900A3EADE = {
			isa = PBXGroup;
			children = (
				6104709B1B0DDCD500A3EADE /* Entitlements.plist */,
				610470781B0DDC9900A3EADE /* BWD */,
				6104708E1B0DDC9900A3EADE /* BWDTests */,
				610470771B0DDC9900A3EADE /* Products */,
			);
			sourceTree = "<group>";
		};
		610470771B0DDC9900A3EADE /* Products */ = {
			isa = PBXGroup;
			children = (
				610470761B0DDC9900A3EADE /* BWD.app */,
				6104708B1B0DDC9900A3EADE /* BWDTests.xctest */,
			);
			name = Products;
			sourceTree = "<group>";
		};
		610470781B0DDC9900A3EADE /* BWD */ = {
			isa = PBXGroup;
			children = (
				6104707B1B0DDC9900A3EADE /* AppDelegate.swift */,
				6104707D1B0DDC9900A3EADE /* ViewController.swift */,
				6104707F1B0DDC9900A3EADE /* Main.storyboard */,
				610470821B0DDC9900A3EADE /* Images.xcassets */,
				610470841B0DDC9900A3EADE /* LaunchScreen.xib */,
				610470791B0DDC9900A3EADE /* Supporting Files */,
			);
			path = BWD;
			sourceTree = "<group>";
		};
		610470791B0DDC9900A3EADE /* Supporting Files */ = {
			isa = PBXGroup;
			children = (
				6104707A1B0DDC9900A3EADE /* Info.plist */,
			);
			name = "Supporting Files";
			sourceTree = "<group>";
		};
		6104708E1B0DDC9900A3EADE /* BWDTests */ = {
			isa = PBXGroup;
			children = (
				610470911B0DDC9900A3EADE /* BWDTests.swift */,
				6104708F1B0DDC9900A3EADE /* Supporting Files */,
			);
			path = BWDTests;
			sourceTree = "<group>";
		};
		6104708F1B0DDC9900A3EADE /* Supporting Files */ = {
			isa = PBXGroup;
			children = (
				610470901B0DDC9900A3EADE /* Info.plist */,
			);
			name = "Supporting Files";
			sourceTree = "<group>";
		};
/* End PBXGroup section */

/* Begin PBXNativeTarget section */
		610470751B0DDC9900A3EADE /* BWD */ = {
			isa = PBXNativeTarget;
			buildConfigurationList = 610470951B0DDC9900A3EADE /* Build configuration list for PBXNativeTarget "BWD" */;
			buildPhases = (
				610470721B0DDC9900A3EADE /* Sources */,
				610470731B0DDC9900A3EADE /* Frameworks */,
				610470741B0DDC9900A3EADE /* Resources */,
			);
			buildRules = (
			);
			dependencies = (
			);
			name = BWD;
			productName = BWD;
			productReference = 610470761B0DDC9900A3EADE /* BWD.app */;
			productType = "com.apple.product-type.application";
		};
		6104708A1B0DDC9900A3EADE /* BWDTests */ = {
			isa = PBXNativeTarget;
			buildConfigurationList = 610470981B0DDC9900A3EADE /* Build configuration list for PBXNativeTarget "BWDTests" */;
			buildPhases = (
				610470871B0DDC9900A3EADE /* Sources */,
				610470881B0DDC9900A3EADE /* Frameworks */,
				610470891B0DDC9900A3EADE /* Resources */,
			);
			buildRules = (
			);
			dependencies = (
				6104708D1B0DDC9900A3EADE /* PBXTargetDependency */,
			);
			name = BWDTests;
			productName = BWDTests;
			productReference = 6104708B1B0DDC9900A3EADE /* BWDTests.xctest */;
			productType = "com.apple.product-type.bundle.unit-test";
		};
/* End PBXNativeTarget section */

/* Begin PBXProject section */
		6104706E1B0DDC9900A3EADE /* Project object */ = {
			isa = PBXProject;
			attributes = {
				LastUpgradeCheck = 0630;
				ORGANIZATIONNAME = "Pakorn Tangtuengtin";
				TargetAttributes = {
					610470751B0DDC9900A3EADE = {
						CreatedOnToolsVersion = 6.3.1;
					};
					6104708A1B0DDC9900A3EADE = {
						CreatedOnToolsVersion = 6.3.1;
						TestTargetID = 610470751B0DDC9900A3EADE;
					};
				};
			};
			buildConfigurationList = 610470711B0DDC9900A3EADE /* Build configuration list for PBXProject "BWD" */;
			compatibilityVersion = "Xcode 3.2";
			developmentRegion = English;
			hasScannedForEncodings = 0;
			knownRegions = (
				en,
				Base,
			);
			mainGroup = 6104706D1B0DDC9900A3EADE;
			productRefGroup = 610470771B0DDC9900A3EADE /* Products */;
			projectDirPath = "";
			projectRoot = "";
			targets = (
				610470751B0DDC9900A3EADE /* BWD */,
				6104708A1B0DDC9900A3EADE /* BWDTests */,
			);
		};
/* End PBXProject section */

/* Begin PBXResourcesBuildPhase section */
		610470741B0DDC9900A3EADE /* Resources */ = {
			isa = PBXResourcesBuildPhase;
			buildActionMask = 2147483647;
			files = (
				6104709C1B0DDCD500A3EADE /* Entitlements.plist in Resources */,
				610470811B0DDC9900A3EADE /* Main.storyboard in Resources */,
				610470861B0DDC9900A3EADE /* LaunchScreen.xib in Resources */,
				610470831B0DDC9900A3EADE /* Images.xcassets in Resources */,
			);
			runOnlyForDeploymentPostprocessing = 0;
		};
		610470891B0DDC9900A3EADE /* Resources */ = {
			isa = PBXResourcesBuildPhase;
			buildActionMask = 2147483647;
			files = (
			);
			runOnlyForDeploymentPostprocessing = 0;
		};
/* End PBXResourcesBuildPhase section */

/* Begin PBXSourcesBuildPhase section */
		610470721B0DDC9900A3EADE /* Sources */ = {
			isa = PBXSourcesBuildPhase;
			buildActionMask = 2147483647;
			files = (
				6104707E1B0DDC9900A3EADE /* ViewController.swift in Sources */,
				6104707C1B0DDC9900A3EADE /* AppDelegate.swift in Sources */,
			);
			runOnlyForDeploymentPostprocessing = 0;
		};
		610470871B0DDC9900A3EADE /* Sources */ = {
			isa = PBXSourcesBuildPhase;
			buildActionMask = 2147483647;
			files = (
				610470921B0DDC9900A3EADE /* BWDTests.swift in Sources */,
			);
			runOnlyForDeploymentPostprocessing = 0;
		};
/* End PBXSourcesBuildPhase section */

/* Begin PBXTargetDependency section */
		6104708D1B0DDC9900A3EADE /* PBXTargetDependency */ = {
			isa = PBXTargetDependency;
			target = 610470751B0DDC9900A3EADE /* BWD */;
			targetProxy = 6104708C1B0DDC9900A3EADE /* PBXContainerItemProxy */;
		};
/* End PBXTargetDependency section */

/* Begin PBXVariantGroup section */
		6104707F1B0DDC9900A3EADE /* Main.storyboard */ = {
			isa = PBXVariantGroup;
			children = (
				610470801B0DDC9900A3EADE /* Base */,
			);
			name = Main.storyboard;
			sourceTree = "<group>";
		};
		610470841B0DDC9900A3EADE /* LaunchScreen.xib */ = {
			isa = PBXVariantGroup;
			children = (
				610470851B0DDC9900A3EADE /* Base */,
			);
			name = LaunchScreen.xib;
			sourceTree = "<group>";
		};
/* End PBXVariantGroup section */

/* Begin XCBuildConfiguration section */
		610470931B0DDC9900A3EADE /* Debug */ = {
			isa = XCBuildConfiguration;
			buildSettings = {
				ALWAYS_SEARCH_USER_PATHS = NO;
				CLANG_CXX_LANGUAGE_STANDARD = "gnu++0x";
				CLANG_CXX_LIBRARY = "libc++";
				CLANG_ENABLE_MODULES = YES;
				CLANG_ENABLE_OBJC_ARC = YES;
				CLANG_WARN_BOOL_CONVERSION = YES;
				CLANG_WARN_CONSTANT_CONVERSION = YES;
				CLANG_WARN_DIRECT_OBJC_ISA_USAGE = YES_ERROR;
				CLANG_WARN_EMPTY_BODY = YES;
				CLANG_WARN_ENUM_CONVERSION = YES;
				CLANG_WARN_INT_CONVERSION = YES;
				CLANG_WARN_OBJC_ROOT_CLASS = YES_ERROR;
				CLANG_WARN_UNREACHABLE_CODE = YES;
				CLANG_WARN__DUPLICATE_METHOD_MATCH = YES;
				"CODE_SIGN_IDENTITY[sdk=iphoneos*]" = "iPhone Developer";
				COPY_PHASE_STRIP = NO;
				DEBUG_INFORMATION_FORMAT = "dwarf-with-dsym";
				ENABLE_STRICT_OBJC_MSGSEND = YES;
				GCC_C_LANGUAGE_STANDARD = gnu99;
				GCC_DYNAMIC_NO_PIC = NO;
				GCC_NO_COMMON_BLOCKS = YES;
				GCC_OPTIMIZATION_LEVEL = 0;
				GCC_PREPROCESSOR_DEFINITIONS = (
					"DEBUG=1",
					"$(inherited)",
				);
				GCC_SYMBOLS_PRIVATE_EXTERN = NO;
				GCC_WARN_64_TO_32_BIT_CONVERSION = YES;
				GCC_WARN_ABOUT_RETURN_TYPE = YES_ERROR;
				GCC_WARN_UNDECLARED_SELECTOR = YES;
				GCC_WARN_UNINITIALIZED_AUTOS = YES_AGGRESSIVE;
				GCC_WARN_UNUSED_FUNCTION = YES;
				GCC_WARN_UNUSED_VARIABLE = YES;
				IPHONEOS_DEPLOYMENT_TARGET = 8.3;
				MTL_ENABLE_DEBUG_INFO = YES;
				ONLY_ACTIVE_ARCH = YES;
				SDKROOT = iphoneos;
				SWIFT_OPTIMIZATION_LEVEL = "-Onone";
				TARGETED_DEVICE_FAMILY = "1,2";
			};
			name = Debug;
		};
		610470941B0DDC9900A3EADE /* Release */ = {
			isa = XCBuildConfiguration;
			buildSettings = {
				ALWAYS_SEARCH_USER_PATHS = NO;
				CLANG_CXX_LANGUAGE_STANDARD = "gnu++0x";
				CLANG_CXX_LIBRARY = "libc++";
				CLANG_ENABLE_MODULES = YES;
				CLANG_ENABLE_OBJC_ARC = YES;
				CLANG_WARN_BOOL_CONVERSION = YES;
				CLANG_WARN_CONSTANT_CONVERSION = YES;
				CLANG_WARN_DIRECT_OBJC_ISA_USAGE = YES_ERROR;
				CLANG_WARN_EMPTY_BODY = YES;
				CLANG_WARN_ENUM_CONVERSION = YES;
				CLANG_WARN_INT_CONVERSION = YES;
				CLANG_WARN_OBJC_ROOT_CLASS = YES_ERROR;
				CLANG_WARN_UNREACHABLE_CODE = YES;
				CLANG_WARN__DUPLICATE_METHOD_MATCH = YES;
				"CODE_SIGN_IDENTITY[sdk=iphoneos*]" = "iPhone Developer";
				COPY_PHASE_STRIP = NO;
				DEBUG_INFORMATION_FORMAT = "dwarf-with-dsym";
				ENABLE_NS_ASSERTIONS = NO;
				ENABLE_STRICT_OBJC_MSGSEND = YES;
				GCC_C_LANGUAGE_STANDARD = gnu99;
				GCC_NO_COMMON_BLOCKS = YES;
				GCC_WARN_64_TO_32_BIT_CONVERSION = YES;
				GCC_WARN_ABOUT_RETURN_TYPE = YES_ERROR;
				GCC_WARN_UNDECLARED_SELECTOR = YES;
				GCC_WARN_UNINITIALIZED_AUTOS = YES_AGGRESSIVE;
				GCC_WARN_UNUSED_FUNCTION = YES;
				GCC_WARN_UNUSED_VARIABLE = YES;
				IPHONEOS_DEPLOYMENT_TARGET = 8.3;
				MTL_ENABLE_DEBUG_INFO = NO;
				SDKROOT = iphoneos;
				TARGETED_DEVICE_FAMILY = "1,2";
				VALIDATE_PRODUCT = YES;
			};
			name = Release;
		};
		610470961B0DDC9900A3EADE /* Debug */ = {
			isa = XCBuildConfiguration;
			buildSettings = {
				ASSETCATALOG_COMPILER_APPICON_NAME = AppIcon;
				CODE_SIGN_ENTITLEMENTS = Entitlements.plist;
				CODE_SIGN_IDENTITY = "-";
				INFOPLIST_FILE = BWD/Info.plist;
				LD_RUNPATH_SEARCH_PATHS = "$(inherited) @executable_path/Frameworks";
				PRODUCT_NAME = "$(TARGET_NAME)";
			};
			name = Debug;
		};
		610470971B0DDC9900A3EADE /* Release */ = {
			isa = XCBuildConfiguration;
			buildSettings = {
				ASSETCATALOG_COMPILER_APPICON_NAME = AppIcon;
				CODE_SIGN_ENTITLEMENTS = Entitlements.plist;
				CODE_SIGN_IDENTITY = "-";
				INFOPLIST_FILE = BWD/Info.plist;
				LD_RUNPATH_SEARCH_PATHS = "$(inherited) @executable_path/Frameworks";
				PRODUCT_NAME = "$(TARGET_NAME)";
			};
			name = Release;
		};
		610470991B0DDC9900A3EADE /* Debug */ = {
			isa = XCBuildConfiguration;
			buildSettings = {
				BUNDLE_LOADER = "$(TEST_HOST)";
				FRAMEWORK_SEARCH_PATHS = (
					"$(SDKROOT)/Developer/Library/Frameworks",
					"$(inherited)",
				);
				GCC_PREPROCESSOR_DEFINITIONS = (
					"DEBUG=1",
					"$(inherited)",
				);
				INFOPLIST_FILE = BWDTests/Info.plist;
				LD_RUNPATH_SEARCH_PATHS = "$(inherited) @executable_path/Frameworks @loader_path/Frameworks";
				PRODUCT_NAME = "$(TARGET_NAME)";
				TEST_HOST = "$(BUILT_PRODUCTS_DIR)/BWD.app/BWD";
			};
			name = Debug;
		};
		6104709A1B0DDC9900A3EADE /* Release */ = {
			isa = XCBuildConfiguration;
			buildSettings = {
				BUNDLE_LOADER = "$(TEST_HOST)";
				FRAMEWORK_SEARCH_PATHS = (
					"$(SDKROOT)/Developer/Library/Frameworks",
					"$(inherited)",
				);
				INFOPLIST_FILE = BWDTests/Info.plist;
				LD_RUNPATH_SEARCH_PATHS = "$(inherited) @executable_path/Frameworks @loader_path/Frameworks";
				PRODUCT_NAME = "$(TARGET_NAME)";
				TEST_HOST = "$(BUILT_PRODUCTS_DIR)/BWD.app/BWD";
			};
			name = Release;
		};
/* End XCBuildConfiguration section */

/* Begin XCConfigurationList section */
		610470711B0DDC9900A3EADE /* Build configuration list for PBXProject "BWD" */ = {
			isa = XCConfigurationList;
			buildConfigurations = (
				610470931B0DDC9900A3EADE /* Debug */,
				610470941B0DDC9900A3EADE /* Release */,
			);
			defaultConfigurationIsVisible = 0;
			defaultConfigurationName = Release;
		};
		610470951B0DDC9900A3EADE /* Build configuration list for PBXNativeTarget "BWD" */ = {
			isa = XCConfigurationList;
			buildConfigurations = (
				610470961B0DDC9900A3EADE /* Debug */,
				610470971B0DDC9900A3EADE /* Release */,
			);
			defaultConfigurationIsVisible = 0;
			defaultConfigurationName = Release;
		};
		610470981B0DDC9900A3EADE /* Build configuration list for PBXNativeTarget "BWDTests" */ = {
			isa = XCConfigurationList;
			buildConfigurations = (
				610470991B0DDC9900A3EADE /* Debug */,
				6104709A1B0DDC9900A3EADE /* Release */,
			);
			defaultConfigurationIsVisible = 0;
			defaultConfigurationName = Release;
		};
/* End XCConfigurationList section */
	};
	rootObject = 6104706E1B0DDC9900A3EADE /* Project object */;
}
